
Microsoft Visual Studio Solution File, Format Version 12.00
# Visual Studio Version 17
VisualStudioVersion = 17.5.33402.96
MinimumVisualStudioVersion = 10.0.40219.1
Project("{FAE04EC0-301F-11D3-BF4B-00C04F79EFBC}") = "AngularDotNet6WebAPICRUD", "AngularDotNet6WebAPICRUD\AngularDotNet6WebAPICRUD.csproj", "{A918767F-320D-46CB-9CAB-016F168C593C}"
EndProject
Global
	GlobalSection(SolutionConfigurationPlatforms) = preSolution
		Debug|Any CPU = Debug|Any CPU
		Release|Any CPU = Release|Any CPU
	EndGlobalSection
	GlobalSection(ProjectConfigurationPlatforms) = postSolution
		{A918767F-320D-46CB-9CAB-016F168C593C}.Debug|Any CPU.ActiveCfg = Debug|Any CPU
		{A918767F-320D-46CB-9CAB-016F168C593C}.Debug|Any CPU.Build.0 = Debug|Any CPU
		{A918767F-320D-46CB-9CAB-016F168C593C}.Release|Any CPU.ActiveCfg = Release|Any CPU
		{A918767F-320D-46CB-9CAB-016F168C593C}.Release|Any CPU.Build.0 = Release|Any CPU
	EndGlobalSection
	GlobalSection(SolutionProperties) = preSolution
		HideSolutionNode = FALSE
	EndGlobalSection
	GlobalSection(ExtensibilityGlobals) = postSolution
		SolutionGuid = {5036CFA8-5EA3-4D9E-9842-6946E19FA09A}
	EndGlobalSection
EndGlobal
